<?xml version="1.0" encoding="utf-8"?>
<Project ToolsVersion="4.0" xmlns="http://schemas.microsoft.com/developer/msbuild/2003">
  <ItemGroup>
    <Filter Include="Header">
      <UniqueIdentifier>{7dbf6a04-6c34-46fa-9a96-cb8eacb27e34}</UniqueIdentifier>
    </Filter>
    <Filter Include="Source">
      <UniqueIdentifier>{c2b783d2-efa1-45f0-93d6-74b163f416df}</UniqueIdentifier>
    </Filter>
    <Filter Include="Header\GameFramework">
      <UniqueIdentifier>{b8de8a5b-dd0c-4095-b92f-b48b2187581b}</UniqueIdentifier>
    </Filter>
    <Filter Include="Header\Graphics">
      <UniqueIdentifier>{ad3ee299-f454-4bec-8e13-b0b524e72853}</UniqueIdentifier>
    </Filter>
    <Filter Include="Header\Audio">
      <UniqueIdentifier>{c8f71d65-9f49-441e-b96a-e1d36682f202}</UniqueIdentifier>
    </Filter>
    <Filter Include="Header\Input">
      <UniqueIdentifier>{eab670e9-d0be-44c7-8d24-12543a428981}</UniqueIdentifier>
    </Filter>
    <Filter Include="Header\Util">
      <UniqueIdentifier>{12e970b9-84d9-4dd7-935f-14c3d227ad83}</UniqueIdentifier>
    </Filter>
    <Filter Include="Header\Application">
      <UniqueIdentifier>{975476c1-ba8b-4270-a6be-d633b0fe2ee3}</UniqueIdentifier>
    </Filter>
    <Filter Include="Source\GameFramework">
      <UniqueIdentifier>{5dbc7f38-582e-4e8f-b1db-8f73d2ee3797}</UniqueIdentifier>
    </Filter>
    <Filter Include="Source\Graphics">
      <UniqueIdentifier>{a100a2fc-19d1-422b-bedf-032299561d76}</UniqueIdentifier>
    </Filter>
    <Filter Include="Source\Audio">
      <UniqueIdentifier>{c440c353-343b-4563-a95a-4f5510d1ae7c}</UniqueIdentifier>
    </Filter>
    <Filter Include="Source\Input">
      <UniqueIdentifier>{a09f2b99-752d-4afb-a8ac-c09f23b1c31f}</UniqueIdentifier>
    </Filter>
    <Filter Include="Source\Application">
      <UniqueIdentifier>{4d11f289-4b36-441e-8ddf-a475aa503713}</UniqueIdentifier>
    </Filter>
    <Filter Include="Source\Util">
      <UniqueIdentifier>{46433ec9-7fea-4d95-a91d-40022d33af41}</UniqueIdentifier>
    </Filter>
    <Filter Include="Header\GameFramework\Component">
      <UniqueIdentifier>{e2d9b113-ca49-43e3-8cde-afb677f440e5}</UniqueIdentifier>
    </Filter>
    <Filter Include="Header\GameFramework\GameObject">
      <UniqueIdentifier>{dbd0e37e-3a87-4871-8f3e-50989f089fbb}</UniqueIdentifier>
    </Filter>
    <Filter Include="Source\GameFramework\Component">
      <UniqueIdentifier>{f2cc2a0c-b91c-4793-8528-613db9d7c121}</UniqueIdentifier>
    </Filter>
    <Filter Include="Source\GameFramework\GameObject">
      <UniqueIdentifier>{1f8e68a3-ce11-4171-9ee4-711ed8e0ed50}</UniqueIdentifier>
    </Filter>
    <Filter Include="Source\GameFramework\Component\Sample">
      <UniqueIdentifier>{71e91aee-8dcb-4f40-8e1b-982c9cc85e34}</UniqueIdentifier>
    </Filter>
    <Filter Include="Header\GameFramework\Component\Sample">
      <UniqueIdentifier>{41c05dc4-a1c5-4fc6-a0ea-f32c90d6f4c8}</UniqueIdentifier>
    </Filter>
  </ItemGroup>
  <ItemGroup>
    <ClInclude Include="Header\Util\Utility.h">
      <Filter>Header\Util</Filter>
    </ClInclude>
    <ClInclude Include="Header\GameFramework\GameObject\GameObject.h">
      <Filter>Header\GameFramework\GameObject</Filter>
    </ClInclude>
    <ClInclude Include="Header\GameFramework\GameObject\GameObjectManager.h">
      <Filter>Header\GameFramework\GameObject</Filter>
    </ClInclude>
    <ClInclude Include="Header\GameFramework\Component\Component.h">
      <Filter>Header\GameFramework\Component</Filter>
    </ClInclude>
    <ClInclude Include="Header\GameFramework\Component\Behaviour.h">
      <Filter>Header\GameFramework\Component</Filter>
    </ClInclude>
    <ClInclude Include="Header\GameFramework\Component\DefineComponentManager.h">
      <Filter>Header\GameFramework\Component</Filter>
    </ClInclude>
    <ClInclude Include="Header\GameFramework\Component\EngineDefineComponentManager.h">
      <Filter>Header\GameFramework\Component</Filter>
    </ClInclude>
    <ClInclude Include="Header\GameFramework\Component\SampleBehaviour.h">
      <Filter>Header\GameFramework\Component\Sample</Filter>
    </ClInclude>
    <ClInclude Include="Header\GameFramework\Component\SampleComponent.h">
      <Filter>Header\GameFramework\Component\Sample</Filter>
    </ClInclude>
    <ClInclude Include="Header\GameFramework\GameObject\IGameObjectManager.h">
      <Filter>Header\GameFramework\GameObject</Filter>
    </ClInclude>
  </ItemGroup>
  <ItemGroup>
    <ClCompile Include="Source\Util\Utility.cpp">
      <Filter>Source\Util</Filter>
    </ClCompile>
    <ClCompile Include="Source\GameFramework\GameObject\GameObject.cpp">
      <Filter>Source\GameFramework\GameObject</Filter>
    </ClCompile>
    <ClCompile Include="Source\GameFramework\GameObject\GameObjectManager.cpp">
      <Filter>Source\GameFramework\GameObject</Filter>
    </ClCompile>
    <ClCompile Include="Source\GameFramework\Component\Component.cpp">
      <Filter>Source\GameFramework\Component</Filter>
    </ClCompile>
    <ClCompile Include="Source\GameFramework\Component\EngineDefineComponentManager.cpp">
      <Filter>Source\GameFramework\Component</Filter>
    </ClCompile>
    <ClCompile Include="Source\GameFramework\Component\SampleBehaviour.cpp">
      <Filter>Source\GameFramework\Component\Sample</Filter>
    </ClCompile>
    <ClCompile Include="Source\GameFramework\Component\SampleComponent.cpp">
      <Filter>Source\GameFramework\Component\Sample</Filter>
    </ClCompile>
    <ClCompile Include="Source\GameFramework\Component\DefineComponentManager.cpp">
      <Filter>Source\GameFramework\Component</Filter>
    </ClCompile>
  </ItemGroup>
</Project>